
Microsoft Visual Studio Solution File, Format Version 12.00
# Visual Studio Version 17
VisualStudioVersion = 17.4.33213.308
MinimumVisualStudioVersion = 10.0.40219.1
Project("{FAE04EC0-301F-11D3-BF4B-00C04F79EFBC}") = "CASE3", "CASE3\CASE3.csproj", "{17718742-CBA1-4EC3-B618-0B85291C4DFF}"
EndProject
Global
	GlobalSection(SolutionConfigurationPlatforms) = preSolution
		Debug|Any CPU = Debug|Any CPU
		Release|Any CPU = Release|Any CPU
	EndGlobalSection
	GlobalSection(ProjectConfigurationPlatforms) = postSolution
		{17718742-CBA1-4EC3-B618-0B85291C4DFF}.Debug|Any CPU.ActiveCfg = Debug|Any CPU
		{17718742-CBA1-4EC3-B618-0B85291C4DFF}.Debug|Any CPU.Build.0 = Debug|Any CPU
		{17718742-CBA1-4EC3-B618-0B85291C4DFF}.Release|Any CPU.ActiveCfg = Release|Any CPU
		{17718742-CBA1-4EC3-B618-0B85291C4DFF}.Release|Any CPU.Build.0 = Release|Any CPU
	EndGlobalSection
	GlobalSection(SolutionProperties) = preSolution
		HideSolutionNode = FALSE
	EndGlobalSection
	GlobalSection(ExtensibilityGlobals) = postSolution
		SolutionGuid = {51A79FBF-371F-4919-ADD8-50868C016103}
	EndGlobalSection
EndGlobal
